
Microsoft Visual Studio Solution File, Format Version 12.00
# Visual Studio Version 17
VisualStudioVersion = 17.11.35327.3
MinimumVisualStudioVersion = 10.0.40219.1
Project("{9A19103F-16F7-4668-BE54-9A1E7A4F7556}") = "ProductCrudOperation", "ProductCrudOperation\ProductCrudOperation.csproj", "{A0FFBD98-3983-4E4B-A244-A4BC9583BEB6}"
EndProject
Project("{2150E333-8FDC-42A3-9474-1A3956D46DE8}") = "Solution Items", "Solution Items", "{A1D29BE3-F9FA-4ECA-8955-CA1E0719BF7B}"
	ProjectSection(SolutionItems) = preProject
		.gitignore = .gitignore
	EndProjectSection
EndProject
Global
	GlobalSection(SolutionConfigurationPlatforms) = preSolution
		Debug|Any CPU = Debug|Any CPU
		Release|Any CPU = Release|Any CPU
	EndGlobalSection
	GlobalSection(ProjectConfigurationPlatforms) = postSolution
		{A0FFBD98-3983-4E4B-A244-A4BC9583BEB6}.Debug|Any CPU.ActiveCfg = Debug|Any CPU
		{A0FFBD98-3983-4E4B-A244-A4BC9583BEB6}.Debug|Any CPU.Build.0 = Debug|Any CPU
		{A0FFBD98-3983-4E4B-A244-A4BC9583BEB6}.Release|Any CPU.ActiveCfg = Release|Any CPU
		{A0FFBD98-3983-4E4B-A244-A4BC9583BEB6}.Release|Any CPU.Build.0 = Release|Any CPU
	EndGlobalSection
	GlobalSection(SolutionProperties) = preSolution
		HideSolutionNode = FALSE
	EndGlobalSection
	GlobalSection(ExtensibilityGlobals) = postSolution
		SolutionGuid = {3EDB13AF-1683-477F-95D8-77C03963EA89}
	EndGlobalSection
EndGlobal
